{
  "version": 4,
  "terraform_version": "1.3.7",
  "serial": 9,
  "lineage": "360a0e03-481e-043a-a698-5f0b478a68ce",
  "outputs": {
    "gke_cluster_endpoint": {
      "value": "34.55.224.8",
      "type": "string"
    },
    "gke_cluster_name": {
      "value": "my-gke-cluster",
      "type": "string"
    },
    "subnet_name": {
      "value": "subnet-gke",
      "type": "string"
    },
    "vpc_name": {
      "value": "my-vpc",
      "type": "string"
    }
  },
  "resources": [
    {
      "mode": "managed",
      "type": "google_compute_firewall",
      "name": "allow_http",
      "provider": "provider[\"registry.terraform.io/hashicorp/google\"]",
      "instances": [
        {
          "schema_version": 1,
          "attributes": {
            "allow": [
              {
                "ports": [
                  "80",
                  "443",
                  "8080"
                ],
                "protocol": "tcp"
              }
            ],
            "creation_timestamp": "2025-02-02T15:55:33.529-08:00",
            "deny": [],
            "description": "",
            "destination_ranges": [],
            "direction": "INGRESS",
            "disabled": false,
            "enable_logging": null,
            "id": "projects/rosy-sunspot-449618-g4/global/firewalls/allow-http",
            "log_config": [],
            "name": "allow-http",
            "network": "https://www.googleapis.com/compute/v1/projects/rosy-sunspot-449618-g4/global/networks/my-vpc",
            "priority": 1000,
            "project": "rosy-sunspot-449618-g4",
            "self_link": "https://www.googleapis.com/compute/v1/projects/rosy-sunspot-449618-g4/global/firewalls/allow-http",
            "source_ranges": [
              "0.0.0.0/0"
            ],
            "source_service_accounts": null,
            "source_tags": null,
            "target_service_accounts": null,
            "target_tags": null,
            "timeouts": null
          },
          "sensitive_attributes": [],
          "private": "eyJlMmJmYjczMC1lY2FhLTExZTYtOGY4OC0zNDM2M2JjN2M0YzAiOnsiY3JlYXRlIjoxMjAwMDAwMDAwMDAwLCJkZWxldGUiOjEyMDAwMDAwMDAwMDAsInVwZGF0ZSI6MTIwMDAwMDAwMDAwMH0sInNjaGVtYV92ZXJzaW9uIjoiMSJ9",
          "dependencies": [
            "google_compute_network.vpc_network"
          ]
        }
      ]
    },
    {
      "mode": "managed",
      "type": "google_compute_network",
      "name": "vpc_network",
      "provider": "provider[\"registry.terraform.io/hashicorp/google\"]",
      "instances": [
        {
          "schema_version": 0,
          "attributes": {
            "auto_create_subnetworks": false,
            "delete_default_routes_on_create": false,
            "description": "",
            "enable_ula_internal_ipv6": false,
            "gateway_ipv4": "",
            "id": "projects/rosy-sunspot-449618-g4/global/networks/my-vpc",
            "internal_ipv6_range": "",
            "mtu": 0,
            "name": "my-vpc",
            "network_firewall_policy_enforcement_order": "AFTER_CLASSIC_FIREWALL",
            "project": "rosy-sunspot-449618-g4",
            "routing_mode": "REGIONAL",
            "self_link": "https://www.googleapis.com/compute/v1/projects/rosy-sunspot-449618-g4/global/networks/my-vpc",
            "timeouts": null
          },
          "sensitive_attributes": [],
          "private": "eyJlMmJmYjczMC1lY2FhLTExZTYtOGY4OC0zNDM2M2JjN2M0YzAiOnsiY3JlYXRlIjoxMjAwMDAwMDAwMDAwLCJkZWxldGUiOjEyMDAwMDAwMDAwMDAsInVwZGF0ZSI6MTIwMDAwMDAwMDAwMH19"
        }
      ]
    },
    {
      "mode": "managed",
      "type": "google_compute_subnetwork",
      "name": "subnet_gke",
      "provider": "provider[\"registry.terraform.io/hashicorp/google\"]",
      "instances": [
        {
          "schema_version": 0,
          "attributes": {
            "creation_timestamp": "2025-02-02T15:34:41.721-08:00",
            "description": "",
            "external_ipv6_prefix": "",
            "fingerprint": null,
            "gateway_address": "10.0.1.1",
            "id": "projects/rosy-sunspot-449618-g4/regions/us-central1/subnetworks/subnet-gke",
            "internal_ipv6_prefix": "",
            "ip_cidr_range": "10.0.1.0/24",
            "ipv6_access_type": "",
            "ipv6_cidr_range": "",
            "log_config": [],
            "name": "subnet-gke",
            "network": "https://www.googleapis.com/compute/v1/projects/rosy-sunspot-449618-g4/global/networks/my-vpc",
            "private_ip_google_access": true,
            "private_ipv6_google_access": "DISABLE_GOOGLE_ACCESS",
            "project": "rosy-sunspot-449618-g4",
            "purpose": "PRIVATE",
            "region": "us-central1",
            "role": "",
            "secondary_ip_range": [],
            "self_link": "https://www.googleapis.com/compute/v1/projects/rosy-sunspot-449618-g4/regions/us-central1/subnetworks/subnet-gke",
            "stack_type": "IPV4_ONLY",
            "timeouts": null
          },
          "sensitive_attributes": [],
          "private": "eyJlMmJmYjczMC1lY2FhLTExZTYtOGY4OC0zNDM2M2JjN2M0YzAiOnsiY3JlYXRlIjoxMjAwMDAwMDAwMDAwLCJkZWxldGUiOjEyMDAwMDAwMDAwMDAsInVwZGF0ZSI6MTIwMDAwMDAwMDAwMH19",
          "dependencies": [
            "google_compute_network.vpc_network"
          ]
        }
      ]
    },
    {
      "mode": "managed",
      "type": "google_container_cluster",
      "name": "gke_cluster",
      "provider": "provider[\"registry.terraform.io/hashicorp/google\"]",
      "instances": [
        {
          "schema_version": 1,
          "attributes": {
            "addons_config": [
              {
                "cloudrun_config": [],
                "config_connector_config": [],
                "dns_cache_config": [],
                "gce_persistent_disk_csi_driver_config": [
                  {
                    "enabled": true
                  }
                ],
                "gcp_filestore_csi_driver_config": [],
                "gcs_fuse_csi_driver_config": [],
                "gke_backup_agent_config": [],
                "horizontal_pod_autoscaling": [],
                "http_load_balancing": [],
                "network_policy_config": [
                  {
                    "disabled": true
                  }
                ]
              }
            ],
            "allow_net_admin": null,
            "authenticator_groups_config": [],
            "binary_authorization": [
              {
                "enabled": false,
                "evaluation_mode": ""
              }
            ],
            "cluster_autoscaling": [
              {
                "auto_provisioning_defaults": [],
                "enabled": false,
                "resource_limits": []
              }
            ],
            "cluster_ipv4_cidr": "10.144.0.0/14",
            "confidential_nodes": [],
            "cost_management_config": [],
            "database_encryption": [
              {
                "key_name": "",
                "state": "DECRYPTED"
              }
            ],
            "datapath_provider": "",
            "default_max_pods_per_node": null,
            "default_snat_status": [
              {
                "disabled": false
              }
            ],
            "description": "",
            "dns_config": [],
            "enable_autopilot": false,
            "enable_binary_authorization": false,
            "enable_intranode_visibility": false,
            "enable_k8s_beta_apis": [],
            "enable_kubernetes_alpha": false,
            "enable_l4_ilb_subsetting": false,
            "enable_legacy_abac": false,
            "enable_shielded_nodes": true,
            "enable_tpu": false,
            "endpoint": "34.55.224.8",
            "gateway_api_config": [],
            "id": "projects/rosy-sunspot-449618-g4/locations/us-central1/clusters/my-gke-cluster",
            "initial_node_count": 1,
            "ip_allocation_policy": [],
            "label_fingerprint": "a9dc16a7",
            "location": "us-central1",
            "logging_config": [
              {
                "enable_components": [
                  "SYSTEM_COMPONENTS",
                  "WORKLOADS"
                ]
              }
            ],
            "logging_service": "logging.googleapis.com/kubernetes",
            "maintenance_policy": [],
            "master_auth": [
              {
                "client_certificate": "",
                "client_certificate_config": [
                  {
                    "issue_client_certificate": false
                  }
                ],
                "client_key": "",
                "cluster_ca_certificate": "LS0tLS1CRUdJTiBDRVJUSUZJQ0FURS0tLS0tCk1JSUVMVENDQXBXZ0F3SUJBZ0lSQU5lNk9scldpdGR2L2dSS0l1Z2trRDh3RFFZSktvWklodmNOQVFFTEJRQXcKTHpFdE1Dc0dBMVVFQXhNa01tWmhPV1psWXpndE5tVTFOUzAwWW1aa0xXRXpPREl0T1dNMFl6STFNR1F5WkRKawpNQ0FYRFRJMU1ESXdNakl5TlRVek5Gb1lEekl3TlRVd01USTJNak0xTlRNMFdqQXZNUzB3S3dZRFZRUURFeVF5ClptRTVabVZqT0MwMlpUVTFMVFJpWm1RdFlUTTRNaTA1WXpSak1qVXdaREprTW1Rd2dnR2lNQTBHQ1NxR1NJYjMKRFFFQkFRVUFBNElCandBd2dnR0tBb0lCZ1FDN3hIL1hPSEhmTXpQbU5wN0ZLSkU3OUYwVWF5azV3Ui8zWEd0UAozWmdoZlJ5MGNnOVU2NUZSRE5lU0Q0VmlZYXdUQ3hTeFJPY2Jpb1hyT3doV3ptL3NGemNIeVVqNXpXUXZDMkZ6CjZzQWNqcDlYOFFNWnA1dFlQS2pOcXVoNi84YmR3UDM3RVRVdmorUjNHUmo4dWlWNllzM2tvSUpMQTVubVZQWDUKOTNWaU05MmVHVW81TXBjYVRKWm1VazdJSUFnNnRLbnkrRERFcEYySXo4QkZpa1lYRlZDMmhRaHY2cEF0ZldJawptQ0MyaEpCUzdGMWJ4QmU3WndQVmQ0N1ZYL2pqSm01VWEvZmtod0pQM0NNYmI3UDNOZTdxbElnam1JZWVwZEhZCk1MMnZKYzA4Q2FBMVgrYVpaUzdkbWdFNFVKN3FBd1Jia0lLcG5xbisxUndQSjg4cXJ3ejlGWkthdjJIdC83a2cKaVZ3bVJKN21seUdBVGZzWlhyOFAvZXBMSGtUWUxESVgyY3p2MmdWMHBGNVNuY0lkbUQxbVl2UUpkR1M4MFZsUQo0ZmhvcE4yRUZUWmRpMlVNdUIxRUZlM1RSaldGM0c2WGc2a3dnVDJKZDJReHJtTDV2em9oSDVmLzFTOFJkaGltCnROZFIzRGRoaDEwTTZrZmFKU1B3T3RmOWttMENBd0VBQWFOQ01FQXdEZ1lEVlIwUEFRSC9CQVFEQWdJRU1BOEcKQTFVZEV3RUIvd1FGTUFNQkFmOHdIUVlEVlIwT0JCWUVGRm00MnRQZ242cHdXMXJEczhpQkNFZ3ptR3JkTUEwRwpDU3FHU0liM0RRRUJDd1VBQTRJQmdRQkxNUVRhUmJMYk4vS2NlbE5ybGhMNTlINWh2aWxQNGEreGx3Z3hJcDFwCmxQQS93cWl0ZWowQ3Q4dmNaOUp0NkZMZDJ0WkRGNnl6ZTA5RTliZ3VnVWw1UTQwTzI0VEtnUlF4NG1RTWpqdGkKN1FmQUlTZEJjck9DdzVTeXJJMW9CeUZXQTZZb2FrT3k2M0ZCREpIMlB0WWxuK28vTkVwOHhhS1FsSlB2Y2ZRUwo3ZVpKMzUwcGpGbXZ2UGJRQnVEUFdDTmZJdWYwVWg5L2t5Zkc3WCtNTGloVDlJdVgrRGhuQ1grTnhkKzBQVlQwCks1cXBJUXZQTitXYUNoOGlUbGo5cDZtbit2RGF5QUM4YTlYY3hQVDZJVEViN3VZOC9kbkxMYlRZdlNTOXAyMUMKeXV5R0FPMk5VMXV5bFk3RWJyWDBCaVh4dms1aHZBU1lJbWdmNXplTUJNVHlLWURpUFVMOGpGMSttaUF0aGQ0bQpLNWl6V1pmZkJrZm05WGxOUkVSa05BcUsrdFBUSHJDMzFTM2paRjcycTgyL3o5NkZEVzdBeEI3WGJEeUg1dTRKCnJhUkpSZVhTQzViTEI3VXY2ZVllSS9DMGRoRFBRSkdsNUJRMjNMdDNSdXREQVdCSjRQbGxsSSt3WGtHS2d0K1kKVldsaVZCUWZhZ255b0FReDlybFRYVlE9Ci0tLS0tRU5EIENFUlRJRklDQVRFLS0tLS0K"
              }
            ],
            "master_authorized_networks_config": [],
            "master_version": "1.31.4-gke.1256000",
            "mesh_certificates": [],
            "min_master_version": null,
            "monitoring_config": [
              {
                "advanced_datapath_observability_config": [
                  {
                    "enable_metrics": false,
                    "relay_mode": ""
                  }
                ],
                "enable_components": [
                  "SYSTEM_COMPONENTS",
                  "STORAGE",
                  "HPA",
                  "POD",
                  "DAEMONSET",
                  "DEPLOYMENT",
                  "STATEFULSET",
                  "KUBELET",
                  "CADVISOR"
                ],
                "managed_prometheus": [
                  {
                    "enabled": true
                  }
                ]
              }
            ],
            "monitoring_service": "monitoring.googleapis.com/kubernetes",
            "name": "my-gke-cluster",
            "network": "projects/rosy-sunspot-449618-g4/global/networks/my-vpc",
            "network_policy": [
              {
                "enabled": false,
                "provider": "PROVIDER_UNSPECIFIED"
              }
            ],
            "networking_mode": "ROUTES",
            "node_config": [],
            "node_locations": [
              "us-central1-a",
              "us-central1-b",
              "us-central1-f"
            ],
            "node_pool": [],
            "node_pool_auto_config": [],
            "node_pool_defaults": [
              {
                "node_config_defaults": [
                  {
                    "logging_variant": "DEFAULT"
                  }
                ]
              }
            ],
            "node_version": "1.31.4-gke.1256000",
            "notification_config": [
              {
                "pubsub": [
                  {
                    "enabled": false,
                    "filter": [],
                    "topic": ""
                  }
                ]
              }
            ],
            "operation": null,
            "private_cluster_config": [
              {
                "enable_private_endpoint": false,
                "enable_private_nodes": false,
                "master_global_access_config": [
                  {
                    "enabled": false
                  }
                ],
                "master_ipv4_cidr_block": "",
                "peering_name": "",
                "private_endpoint": "10.0.1.9",
                "private_endpoint_subnetwork": "",
                "public_endpoint": "34.55.224.8"
              }
            ],
            "private_ipv6_google_access": "",
            "project": "rosy-sunspot-449618-g4",
            "release_channel": [
              {
                "channel": "REGULAR"
              }
            ],
            "remove_default_node_pool": true,
            "resource_labels": null,
            "resource_usage_export_config": [],
            "security_posture_config": [
              {
                "mode": "BASIC",
                "vulnerability_mode": "VULNERABILITY_MODE_UNSPECIFIED"
              }
            ],
            "self_link": "https://container.googleapis.com/v1/projects/rosy-sunspot-449618-g4/locations/us-central1/clusters/my-gke-cluster",
            "service_external_ips_config": [
              {
                "enabled": false
              }
            ],
            "services_ipv4_cidr": "10.147.240.0/20",
            "subnetwork": "projects/rosy-sunspot-449618-g4/regions/us-central1/subnetworks/subnet-gke",
            "timeouts": null,
            "tpu_ipv4_cidr_block": "",
            "vertical_pod_autoscaling": [],
            "workload_identity_config": []
          },
          "sensitive_attributes": [],
          "private": "eyJlMmJmYjczMC1lY2FhLTExZTYtOGY4OC0zNDM2M2JjN2M0YzAiOnsiY3JlYXRlIjoyNDAwMDAwMDAwMDAwLCJkZWxldGUiOjI0MDAwMDAwMDAwMDAsInJlYWQiOjI0MDAwMDAwMDAwMDAsInVwZGF0ZSI6MzYwMDAwMDAwMDAwMH0sInNjaGVtYV92ZXJzaW9uIjoiMSJ9",
          "dependencies": [
            "google_compute_network.vpc_network",
            "google_compute_subnetwork.subnet_gke"
          ]
        }
      ]
    },
    {
      "mode": "managed",
      "type": "google_container_node_pool",
      "name": "gke_nodes",
      "provider": "provider[\"registry.terraform.io/hashicorp/google\"]",
      "instances": [
        {
          "schema_version": 1,
          "attributes": {
            "autoscaling": [],
            "cluster": "projects/rosy-sunspot-449618-g4/locations/us-central1/clusters/my-gke-cluster",
            "id": "projects/rosy-sunspot-449618-g4/locations/us-central1/clusters/my-gke-cluster/nodePools/custom-node-pool",
            "initial_node_count": 2,
            "instance_group_urls": [
              "https://www.googleapis.com/compute/v1/projects/rosy-sunspot-449618-g4/zones/us-central1-f/instanceGroupManagers/gke-my-gke-cluster-custom-node-pool-262b0e62-grp",
              "https://www.googleapis.com/compute/v1/projects/rosy-sunspot-449618-g4/zones/us-central1-a/instanceGroupManagers/gke-my-gke-cluster-custom-node-pool-098fbaef-grp",
              "https://www.googleapis.com/compute/v1/projects/rosy-sunspot-449618-g4/zones/us-central1-b/instanceGroupManagers/gke-my-gke-cluster-custom-node-pool-94dac0c8-grp"
            ],
            "location": "us-central1",
            "managed_instance_group_urls": [
              "https://www.googleapis.com/compute/v1/projects/rosy-sunspot-449618-g4/zones/us-central1-f/instanceGroups/gke-my-gke-cluster-custom-node-pool-262b0e62-grp",
              "https://www.googleapis.com/compute/v1/projects/rosy-sunspot-449618-g4/zones/us-central1-a/instanceGroups/gke-my-gke-cluster-custom-node-pool-098fbaef-grp",
              "https://www.googleapis.com/compute/v1/projects/rosy-sunspot-449618-g4/zones/us-central1-b/instanceGroups/gke-my-gke-cluster-custom-node-pool-94dac0c8-grp"
            ],
            "management": [
              {
                "auto_repair": true,
                "auto_upgrade": true
              }
            ],
            "max_pods_per_node": null,
            "name": "custom-node-pool",
            "name_prefix": "",
            "network_config": [],
            "node_config": [
              {
                "advanced_machine_features": [],
                "boot_disk_kms_key": "",
                "confidential_nodes": [],
                "disk_size_gb": 30,
                "disk_type": "pd-balanced",
                "ephemeral_storage_local_ssd_config": [],
                "fast_socket": [],
                "gcfs_config": [],
                "guest_accelerator": [],
                "gvnic": [],
                "host_maintenance_policy": [],
                "image_type": "COS_CONTAINERD",
                "kubelet_config": [
                  {
                    "cpu_cfs_quota": false,
                    "cpu_cfs_quota_period": "",
                    "cpu_manager_policy": "",
                    "pod_pids_limit": 0
                  }
                ],
                "labels": {},
                "linux_node_config": [],
                "local_nvme_ssd_block_config": [],
                "local_ssd_count": 0,
                "logging_variant": "DEFAULT",
                "machine_type": "e2-medium",
                "metadata": {
                  "disable-legacy-endpoints": "true"
                },
                "min_cpu_platform": "",
                "node_group": "",
                "oauth_scopes": [
                  "https://www.googleapis.com/auth/cloud-platform"
                ],
                "preemptible": false,
                "reservation_affinity": [],
                "resource_labels": null,
                "service_account": "default",
                "shielded_instance_config": [
                  {
                    "enable_integrity_monitoring": true,
                    "enable_secure_boot": false
                  }
                ],
                "sole_tenant_config": [],
                "spot": false,
                "tags": null,
                "taint": [],
                "workload_metadata_config": []
              }
            ],
            "node_count": 2,
            "node_locations": [
              "us-central1-a",
              "us-central1-b",
              "us-central1-f"
            ],
            "operation": null,
            "placement_policy": [],
            "project": "rosy-sunspot-449618-g4",
            "timeouts": null,
            "upgrade_settings": [
              {
                "blue_green_settings": [],
                "max_surge": 1,
                "max_unavailable": 0,
                "strategy": "SURGE"
              }
            ],
            "version": "1.31.4-gke.1256000"
          },
          "sensitive_attributes": [],
          "private": "eyJlMmJmYjczMC1lY2FhLTExZTYtOGY4OC0zNDM2M2JjN2M0YzAiOnsiY3JlYXRlIjoxODAwMDAwMDAwMDAwLCJkZWxldGUiOjE4MDAwMDAwMDAwMDAsInVwZGF0ZSI6MTgwMDAwMDAwMDAwMH0sInNjaGVtYV92ZXJzaW9uIjoiMSJ9",
          "dependencies": [
            "google_compute_network.vpc_network",
            "google_compute_subnetwork.subnet_gke",
            "google_container_cluster.gke_cluster"
          ]
        }
      ]
    }
  ],
  "check_results": null
}
