{
  "version": 4,
  "terraform_version": "1.3.7",
  "serial": 5,
  "lineage": "360a0e03-481e-043a-a698-5f0b478a68ce",
  "outputs": {
    "gke_cluster_name": {
      "value": "my-gke-cluster",
      "type": "string"
    },
    "subnet_name": {
      "value": "subnet-gke",
      "type": "string"
    },
    "vpc_name": {
      "value": "my-vpc",
      "type": "string"
    }
  },
  "resources": [
    {
      "mode": "managed",
      "type": "google_compute_network",
      "name": "vpc_network",
      "provider": "provider[\"registry.terraform.io/hashicorp/google\"]",
      "instances": [
        {
          "schema_version": 0,
          "attributes": {
            "auto_create_subnetworks": false,
            "delete_default_routes_on_create": false,
            "description": "",
            "enable_ula_internal_ipv6": false,
            "gateway_ipv4": "",
            "id": "projects/rosy-sunspot-449618-g4/global/networks/my-vpc",
            "internal_ipv6_range": "",
            "mtu": 0,
            "name": "my-vpc",
            "network_firewall_policy_enforcement_order": "AFTER_CLASSIC_FIREWALL",
            "project": "rosy-sunspot-449618-g4",
            "routing_mode": "REGIONAL",
            "self_link": "https://www.googleapis.com/compute/v1/projects/rosy-sunspot-449618-g4/global/networks/my-vpc",
            "timeouts": null
          },
          "sensitive_attributes": [],
          "private": "eyJlMmJmYjczMC1lY2FhLTExZTYtOGY4OC0zNDM2M2JjN2M0YzAiOnsiY3JlYXRlIjoxMjAwMDAwMDAwMDAwLCJkZWxldGUiOjEyMDAwMDAwMDAwMDAsInVwZGF0ZSI6MTIwMDAwMDAwMDAwMH19"
        }
      ]
    },
    {
      "mode": "managed",
      "type": "google_compute_subnetwork",
      "name": "subnet_gke",
      "provider": "provider[\"registry.terraform.io/hashicorp/google\"]",
      "instances": [
        {
          "schema_version": 0,
          "attributes": {
            "creation_timestamp": "2025-02-02T15:34:41.721-08:00",
            "description": "",
            "external_ipv6_prefix": "",
            "fingerprint": null,
            "gateway_address": "10.0.1.1",
            "id": "projects/rosy-sunspot-449618-g4/regions/us-central1/subnetworks/subnet-gke",
            "internal_ipv6_prefix": "",
            "ip_cidr_range": "10.0.1.0/24",
            "ipv6_access_type": "",
            "ipv6_cidr_range": "",
            "log_config": [],
            "name": "subnet-gke",
            "network": "https://www.googleapis.com/compute/v1/projects/rosy-sunspot-449618-g4/global/networks/my-vpc",
            "private_ip_google_access": false,
            "private_ipv6_google_access": "DISABLE_GOOGLE_ACCESS",
            "project": "rosy-sunspot-449618-g4",
            "purpose": "PRIVATE",
            "region": "us-central1",
            "role": "",
            "secondary_ip_range": [],
            "self_link": "https://www.googleapis.com/compute/v1/projects/rosy-sunspot-449618-g4/regions/us-central1/subnetworks/subnet-gke",
            "stack_type": "IPV4_ONLY",
            "timeouts": null
          },
          "sensitive_attributes": [],
          "private": "eyJlMmJmYjczMC1lY2FhLTExZTYtOGY4OC0zNDM2M2JjN2M0YzAiOnsiY3JlYXRlIjoxMjAwMDAwMDAwMDAwLCJkZWxldGUiOjEyMDAwMDAwMDAwMDAsInVwZGF0ZSI6MTIwMDAwMDAwMDAwMH19",
          "dependencies": [
            "google_compute_network.vpc_network"
          ]
        }
      ]
    },
    {
      "mode": "managed",
      "type": "google_container_cluster",
      "name": "primary",
      "provider": "provider[\"registry.terraform.io/hashicorp/google\"]",
      "instances": [
        {
          "schema_version": 1,
          "attributes": {
            "addons_config": [
              {
                "cloudrun_config": [],
                "config_connector_config": [],
                "dns_cache_config": [],
                "gce_persistent_disk_csi_driver_config": [
                  {
                    "enabled": true
                  }
                ],
                "gcp_filestore_csi_driver_config": [],
                "gcs_fuse_csi_driver_config": [],
                "gke_backup_agent_config": [],
                "horizontal_pod_autoscaling": [],
                "http_load_balancing": [],
                "network_policy_config": [
                  {
                    "disabled": true
                  }
                ]
              }
            ],
            "allow_net_admin": null,
            "authenticator_groups_config": [],
            "binary_authorization": [
              {
                "enabled": false,
                "evaluation_mode": ""
              }
            ],
            "cluster_autoscaling": [
              {
                "auto_provisioning_defaults": [],
                "enabled": false,
                "resource_limits": []
              }
            ],
            "cluster_ipv4_cidr": "10.144.0.0/14",
            "confidential_nodes": [],
            "cost_management_config": [],
            "database_encryption": [
              {
                "key_name": "",
                "state": "DECRYPTED"
              }
            ],
            "datapath_provider": "",
            "default_max_pods_per_node": null,
            "default_snat_status": [
              {
                "disabled": false
              }
            ],
            "description": "",
            "dns_config": [],
            "enable_autopilot": false,
            "enable_binary_authorization": false,
            "enable_intranode_visibility": false,
            "enable_k8s_beta_apis": [],
            "enable_kubernetes_alpha": false,
            "enable_l4_ilb_subsetting": false,
            "enable_legacy_abac": false,
            "enable_shielded_nodes": true,
            "enable_tpu": false,
            "endpoint": "35.184.200.56",
            "gateway_api_config": [],
            "id": "projects/rosy-sunspot-449618-g4/locations/us-central1/clusters/my-gke-cluster",
            "initial_node_count": 2,
            "ip_allocation_policy": [],
            "label_fingerprint": "a9dc16a7",
            "location": "us-central1",
            "logging_config": [
              {
                "enable_components": [
                  "SYSTEM_COMPONENTS",
                  "WORKLOADS"
                ]
              }
            ],
            "logging_service": "logging.googleapis.com/kubernetes",
            "maintenance_policy": [],
            "master_auth": [
              {
                "client_certificate": "",
                "client_certificate_config": [
                  {
                    "issue_client_certificate": false
                  }
                ],
                "client_key": "",
                "cluster_ca_certificate": "LS0tLS1CRUdJTiBDRVJUSUZJQ0FURS0tLS0tCk1JSUVMVENDQXBXZ0F3SUJBZ0lSQUxnejVIZWJWL3haU3BKVzVlRTcrVHd3RFFZSktvWklodmNOQVFFTEJRQXcKTHpFdE1Dc0dBMVVFQXhNa05UQXhPRFJrTkRrdFpETXpZUzAwTkRBMkxXSXhZekV0WlRKaFlUSmlOemcwWWpobApNQ0FYRFRJMU1ESXdNakl5TXpRMU5Gb1lEekl3TlRVd01USTJNak16TkRVMFdqQXZNUzB3S3dZRFZRUURFeVExCk1ERTROR1EwT1Mxa016TmhMVFEwTURZdFlqRmpNUzFsTW1GaE1tSTNPRFJpT0dVd2dnR2lNQTBHQ1NxR1NJYjMKRFFFQkFRVUFBNElCandBd2dnR0tBb0lCZ1FERXFaMFdqY2tTTW91ZnJHa1k0RlJjOHRqZGljdzJFUUk2OFVMRQoyTHI0OUdJWGk2NjAyRWNyVEtROVZLMDlJNkZvNjA5RGd0UzkxdURCVUlsM0x5KzN3UVpoSGlkZlB0Z0lORndHCldxYVpkcXhrTW5YbEdORS9oOEFqb1BCYy9iTmZwZFc1T0JjT25FVTlzd1hxLzR2SExDcDFlOC9nYUVKMGhvdXIKTEFMbzBjdHgxdDJVdXJmQUVZZU1PWFVORVJhanAyWHdiaDEzT256bUFDUjBWaHhWUkZXdDcrZFhPSmJxM0p5KwpTdHcxRm9pUjNtT1FDMHFOc0JkWEc3NS9UaTV6TTBuMjR6MS9wc2hGb0ZpY1ZmSm9qT3pOSTl5WHFFaVVrN2xoClh4THlrU0FlNjZpKzVQd3ExSGRjVnB0ZlM2TFVOZDhEam5iUTJ5TW9Rd1VLVU5XemJjbFRnaHQzZXB0TEoxemEKMzl5Wi9HMUZDWGdSdFZ5Y0NmUlk5OG9ra2lyK3A1TFFRcXFiczM1NHZGY1ZGK1pUcmFYRStlem5ibkNtNUtGTgpNRmlTemR5dDM0R014Q2hNNEhKY1l4TDh1cTdEaDd0ZEM4Y2RJd2VIblBDRFBiOHQ4cXRYNjFva3Q0SkkwazNGCkhaNjRZYWJ0bm50Wkp4dVIvRng1WUVNamJGVUNBd0VBQWFOQ01FQXdEZ1lEVlIwUEFRSC9CQVFEQWdJRU1BOEcKQTFVZEV3RUIvd1FGTUFNQkFmOHdIUVlEVlIwT0JCWUVGSnI0YVd2dG1RenQ5WjcydFk5d0habjBCRVVnTUEwRwpDU3FHU0liM0RRRUJDd1VBQTRJQmdRQitWUXAyTTJHZnF1aHg5OHV5SGlXRitacWpVNzFlTlAzdFFEL01wRjJuCkF2aW1mbmpGam5YdzQ5T2JkeURIWWdseEduNFdJN2pRWGtYMjQ4Q1ZuRDZaMU9YNGRXcjlLbVNoWGI5VlJMM2gKQTVFMDBqeW0zMFlmZGNQMkpoNGU3NXI4UHJHM2Q3Q1lldkkybm1QTHo2ZEJDZU5pUStJbGVqZStzZ0J5VFBSKwp6THNVRmFoQ1YyS2xqQ0ZLMGZldEhOWHBqcnVoR2VLbExFNERrczlNMXdZbUg2TWlReVMzRzdIcitmN1dIUTZ6ClV6L3A3dVp6Rk83L2xURTN4d0tyVjl5YVdRd1ZMUndQNmpZUmdmNzZlaVlSamV6dzdKQjZuaWtrd1l4SWRtTmgKaHNuY1FSeGpzek5ZVjBHd2ZYS1djQVcvRURrVG5wNElMWFNIMitPdWdaVTkyTG15WmdkVkcxb1U5eVdtSVZGNwp2ZFFBdmZCRXhIeDRBUlZPMk94OUM1Y0tSNkpSVWI5ZFlTbmxNUlNlTmNxUyt5cTRDakZyNytHN1picHhEdzNwCjV4MnlGV2pwQW54Rnh6MHllNTl2Z3VldWFtbWNJNnBtN2RzNEV6Z3M4SUswVUFjWXdnNDZoZnRmOHlXaTdSbFIKbjBrQ2ZSczRWaVdFcGNWeFdlRmErMjQ9Ci0tLS0tRU5EIENFUlRJRklDQVRFLS0tLS0K"
              }
            ],
            "master_authorized_networks_config": [],
            "master_version": "1.31.4-gke.1256000",
            "mesh_certificates": [],
            "min_master_version": null,
            "monitoring_config": [
              {
                "advanced_datapath_observability_config": [
                  {
                    "enable_metrics": false,
                    "relay_mode": ""
                  }
                ],
                "enable_components": [
                  "SYSTEM_COMPONENTS",
                  "POD",
                  "DAEMONSET",
                  "DEPLOYMENT",
                  "STATEFULSET",
                  "STORAGE",
                  "HPA",
                  "CADVISOR",
                  "KUBELET"
                ],
                "managed_prometheus": [
                  {
                    "enabled": true
                  }
                ]
              }
            ],
            "monitoring_service": "monitoring.googleapis.com/kubernetes",
            "name": "my-gke-cluster",
            "network": "projects/rosy-sunspot-449618-g4/global/networks/my-vpc",
            "network_policy": [
              {
                "enabled": false,
                "provider": "PROVIDER_UNSPECIFIED"
              }
            ],
            "networking_mode": "ROUTES",
            "node_config": [
              {
                "advanced_machine_features": [],
                "boot_disk_kms_key": "",
                "confidential_nodes": [],
                "disk_size_gb": 30,
                "disk_type": "pd-balanced",
                "ephemeral_storage_local_ssd_config": [],
                "fast_socket": [],
                "gcfs_config": [],
                "guest_accelerator": [],
                "gvnic": [],
                "host_maintenance_policy": [],
                "image_type": "COS_CONTAINERD",
                "kubelet_config": [
                  {
                    "cpu_cfs_quota": false,
                    "cpu_cfs_quota_period": "",
                    "cpu_manager_policy": "",
                    "pod_pids_limit": 0
                  }
                ],
                "labels": {},
                "linux_node_config": [],
                "local_nvme_ssd_block_config": [],
                "local_ssd_count": 0,
                "logging_variant": "DEFAULT",
                "machine_type": "e2-medium",
                "metadata": {
                  "disable-legacy-endpoints": "true"
                },
                "min_cpu_platform": "",
                "node_group": "",
                "oauth_scopes": [
                  "https://www.googleapis.com/auth/cloud-platform"
                ],
                "preemptible": false,
                "reservation_affinity": [],
                "resource_labels": null,
                "service_account": "default",
                "shielded_instance_config": [
                  {
                    "enable_integrity_monitoring": true,
                    "enable_secure_boot": false
                  }
                ],
                "sole_tenant_config": [],
                "spot": false,
                "tags": null,
                "taint": [],
                "workload_metadata_config": []
              }
            ],
            "node_locations": [
              "us-central1-b",
              "us-central1-c",
              "us-central1-f"
            ],
            "node_pool": [
              {
                "autoscaling": [],
                "initial_node_count": 2,
                "instance_group_urls": [
                  "https://www.googleapis.com/compute/v1/projects/rosy-sunspot-449618-g4/zones/us-central1-f/instanceGroupManagers/gke-my-gke-cluster-default-pool-f12dad01-grp",
                  "https://www.googleapis.com/compute/v1/projects/rosy-sunspot-449618-g4/zones/us-central1-c/instanceGroupManagers/gke-my-gke-cluster-default-pool-a791b0bb-grp",
                  "https://www.googleapis.com/compute/v1/projects/rosy-sunspot-449618-g4/zones/us-central1-b/instanceGroupManagers/gke-my-gke-cluster-default-pool-b1df893f-grp"
                ],
                "managed_instance_group_urls": [
                  "https://www.googleapis.com/compute/v1/projects/rosy-sunspot-449618-g4/zones/us-central1-f/instanceGroups/gke-my-gke-cluster-default-pool-f12dad01-grp",
                  "https://www.googleapis.com/compute/v1/projects/rosy-sunspot-449618-g4/zones/us-central1-c/instanceGroups/gke-my-gke-cluster-default-pool-a791b0bb-grp",
                  "https://www.googleapis.com/compute/v1/projects/rosy-sunspot-449618-g4/zones/us-central1-b/instanceGroups/gke-my-gke-cluster-default-pool-b1df893f-grp"
                ],
                "management": [
                  {
                    "auto_repair": true,
                    "auto_upgrade": true
                  }
                ],
                "max_pods_per_node": 0,
                "name": "default-pool",
                "name_prefix": "",
                "network_config": [],
                "node_config": [
                  {
                    "advanced_machine_features": [],
                    "boot_disk_kms_key": "",
                    "confidential_nodes": [],
                    "disk_size_gb": 30,
                    "disk_type": "pd-balanced",
                    "ephemeral_storage_local_ssd_config": [],
                    "fast_socket": [],
                    "gcfs_config": [],
                    "guest_accelerator": [],
                    "gvnic": [],
                    "host_maintenance_policy": [],
                    "image_type": "COS_CONTAINERD",
                    "kubelet_config": [
                      {
                        "cpu_cfs_quota": false,
                        "cpu_cfs_quota_period": "",
                        "cpu_manager_policy": "",
                        "pod_pids_limit": 0
                      }
                    ],
                    "labels": {},
                    "linux_node_config": [],
                    "local_nvme_ssd_block_config": [],
                    "local_ssd_count": 0,
                    "logging_variant": "DEFAULT",
                    "machine_type": "e2-medium",
                    "metadata": {
                      "disable-legacy-endpoints": "true"
                    },
                    "min_cpu_platform": "",
                    "node_group": "",
                    "oauth_scopes": [
                      "https://www.googleapis.com/auth/cloud-platform"
                    ],
                    "preemptible": false,
                    "reservation_affinity": [],
                    "resource_labels": {},
                    "service_account": "default",
                    "shielded_instance_config": [
                      {
                        "enable_integrity_monitoring": true,
                        "enable_secure_boot": false
                      }
                    ],
                    "sole_tenant_config": [],
                    "spot": false,
                    "tags": [],
                    "taint": [],
                    "workload_metadata_config": []
                  }
                ],
                "node_count": 2,
                "node_locations": [
                  "us-central1-b",
                  "us-central1-c",
                  "us-central1-f"
                ],
                "placement_policy": [],
                "upgrade_settings": [
                  {
                    "blue_green_settings": [],
                    "max_surge": 1,
                    "max_unavailable": 0,
                    "strategy": "SURGE"
                  }
                ],
                "version": "1.31.4-gke.1256000"
              }
            ],
            "node_pool_auto_config": [],
            "node_pool_defaults": [
              {
                "node_config_defaults": [
                  {
                    "logging_variant": "DEFAULT"
                  }
                ]
              }
            ],
            "node_version": "1.31.4-gke.1256000",
            "notification_config": [
              {
                "pubsub": [
                  {
                    "enabled": false,
                    "filter": [],
                    "topic": ""
                  }
                ]
              }
            ],
            "operation": null,
            "private_cluster_config": [
              {
                "enable_private_endpoint": false,
                "enable_private_nodes": false,
                "master_global_access_config": [
                  {
                    "enabled": false
                  }
                ],
                "master_ipv4_cidr_block": "",
                "peering_name": "",
                "private_endpoint": "10.0.1.2",
                "private_endpoint_subnetwork": "",
                "public_endpoint": "35.184.200.56"
              }
            ],
            "private_ipv6_google_access": "",
            "project": "rosy-sunspot-449618-g4",
            "release_channel": [
              {
                "channel": "REGULAR"
              }
            ],
            "remove_default_node_pool": null,
            "resource_labels": null,
            "resource_usage_export_config": [],
            "security_posture_config": [
              {
                "mode": "BASIC",
                "vulnerability_mode": "VULNERABILITY_MODE_UNSPECIFIED"
              }
            ],
            "self_link": "https://container.googleapis.com/v1/projects/rosy-sunspot-449618-g4/locations/us-central1/clusters/my-gke-cluster",
            "service_external_ips_config": [
              {
                "enabled": false
              }
            ],
            "services_ipv4_cidr": "10.147.240.0/20",
            "subnetwork": "projects/rosy-sunspot-449618-g4/regions/us-central1/subnetworks/subnet-gke",
            "timeouts": null,
            "tpu_ipv4_cidr_block": "",
            "vertical_pod_autoscaling": [],
            "workload_identity_config": []
          },
          "sensitive_attributes": [],
          "private": "eyJlMmJmYjczMC1lY2FhLTExZTYtOGY4OC0zNDM2M2JjN2M0YzAiOnsiY3JlYXRlIjoyNDAwMDAwMDAwMDAwLCJkZWxldGUiOjI0MDAwMDAwMDAwMDAsInJlYWQiOjI0MDAwMDAwMDAwMDAsInVwZGF0ZSI6MzYwMDAwMDAwMDAwMH0sInNjaGVtYV92ZXJzaW9uIjoiMSJ9",
          "dependencies": [
            "google_compute_network.vpc_network",
            "google_compute_subnetwork.subnet_gke"
          ]
        }
      ]
    }
  ],
  "check_results": null
}
